{
  "pins" : [
    {
      "identity" : "swift-syntax",
      "kind" : "remoteSourceControl",
      "location" : "https://github.com/apple/swift-syntax.git",
      "state" : {
        "revision" : "59ed009d2c4a5a6b78f75a25679b6417ac040dcf",
        "version" : "509.0.0-swift-DEVELOPMENT-SNAPSHOT-2023-07-04-a"
      }
    },
    {
      "identity" : "swiftformat",
      "kind" : "remoteSourceControl",
      "location" : "https://github.com/nicklockwood/SwiftFormat.git",
      "state" : {
        "revision" : "507d63f6e890621f055397c9503bfc9468e8bcb6",
        "version" : "0.51.15"
      }
    }
  ],
  "version" : 2
}
